
Microsoft Visual Studio Solution File, Format Version 12.00
# Visual Studio Version 17
VisualStudioVersion = 17.10.35013.160
MinimumVisualStudioVersion = 10.0.40219.1
Project("{FAE04EC0-301F-11D3-BF4B-00C04F79EFBC}") = "Hackathon", "Hackathon.csproj", "{A1C7D3F0-5F0E-4995-8DBA-DAE9DEF822FA}"
EndProject
Global
	GlobalSection(SolutionConfigurationPlatforms) = preSolution
		Debug|Any CPU = Debug|Any CPU
		Release|Any CPU = Release|Any CPU
	EndGlobalSection
	GlobalSection(ProjectConfigurationPlatforms) = postSolution
		{A1C7D3F0-5F0E-4995-8DBA-DAE9DEF822FA}.Debug|Any CPU.ActiveCfg = Debug|Any CPU
		{A1C7D3F0-5F0E-4995-8DBA-DAE9DEF822FA}.Debug|Any CPU.Build.0 = Debug|Any CPU
		{A1C7D3F0-5F0E-4995-8DBA-DAE9DEF822FA}.Release|Any CPU.ActiveCfg = Release|Any CPU
		{A1C7D3F0-5F0E-4995-8DBA-DAE9DEF822FA}.Release|Any CPU.Build.0 = Release|Any CPU
	EndGlobalSection
	GlobalSection(SolutionProperties) = preSolution
		HideSolutionNode = FALSE
	EndGlobalSection
	GlobalSection(ExtensibilityGlobals) = postSolution
		SolutionGuid = {8B73A81F-3098-4A3A-A5CF-A511E4E99CB4}
	EndGlobalSection
EndGlobal
